
Microsoft Visual Studio Solution File, Format Version 12.00
# Visual Studio Version 16
VisualStudioVersion = 16.0.31321.278
MinimumVisualStudioVersion = 10.0.40219.1
Project("{FAE04EC0-301F-11D3-BF4B-00C04F79EFBC}") = "Hypermc", "Hypermc.csproj", "{1213D85D-3605-446D-8ADB-49635375CFDC}"
EndProject
Global
	GlobalSection(SolutionConfigurationPlatforms) = preSolution
		Debug|Any CPU = Debug|Any CPU
		Release|Any CPU = Release|Any CPU
	EndGlobalSection
	GlobalSection(ProjectConfigurationPlatforms) = postSolution
		{1213D85D-3605-446D-8ADB-49635375CFDC}.Debug|Any CPU.ActiveCfg = Debug|Any CPU
		{1213D85D-3605-446D-8ADB-49635375CFDC}.Debug|Any CPU.Build.0 = Debug|Any CPU
		{1213D85D-3605-446D-8ADB-49635375CFDC}.Release|Any CPU.ActiveCfg = Release|Any CPU
		{1213D85D-3605-446D-8ADB-49635375CFDC}.Release|Any CPU.Build.0 = Release|Any CPU
	EndGlobalSection
	GlobalSection(SolutionProperties) = preSolution
		HideSolutionNode = FALSE
	EndGlobalSection
	GlobalSection(ExtensibilityGlobals) = postSolution
		SolutionGuid = {C3B73CEB-D680-48F9-A0AD-1FFFB7EAB292}
	EndGlobalSection
EndGlobal
